// !$*UTF8*$!
{
	archiveVersion = 1;
	classes = {
	};
	objectVersion = 50;
	objects = {

/* Begin PBXBuildFile section */
		A94763D226AEEBBC00EAF28D /* AppDelegate.mm in Sources */ = {isa = PBXBuildFile; fileRef = A94763D126AEEBBC00EAF28D /* AppDelegate.mm */; };
		A94763D826AEEBBC00EAF28D /* ViewController.mm in Sources */ = {isa = PBXBuildFile; fileRef = A94763D726AEEBBC00EAF28D /* ViewController.mm */; };
		A94763DB26AEEBBC00EAF28D /* Main.storyboard in Resources */ = {isa = PBXBuildFile; fileRef = A94763D926AEEBBC00EAF28D /* Main.storyboard */; };
		A94763DD26AEEBBF00EAF28D /* Assets.xcassets in Resources */ = {isa = PBXBuildFile; fileRef = A94763DC26AEEBBF00EAF28D /* Assets.xcassets */; };
		A94763E026AEEBBF00EAF28D /* LaunchScreen.storyboard in Resources */ = {isa = PBXBuildFile; fileRef = A94763DE26AEEBBF00EAF28D /* LaunchScreen.storyboard */; };
		A94763E326AEEBBF00EAF28D /* main.m in Sources */ = {isa = PBXBuildFile; fileRef = A94763E226AEEBBF00EAF28D /* main.m */; };
		A94763F126AEED0100EAF28D /* AudioToolbox.framework in Frameworks */ = {isa = PBXBuildFile; fileRef = A94763F026AEED0100EAF28D /* AudioToolbox.framework */; };
		A9C4B9FF26CE80610020F69D /* assets in Resources */ = {isa = PBXBuildFile; fileRef = A9C4B9FE26CE80610020F69D /* assets */; };
		A9EAE5A826B2CEFE001FF76C /* AVFoundation.framework in Frameworks */ = {isa = PBXBuildFile; fileRef = A9EAE5A426B2B3EF001FF76C /* AVFoundation.framework */; };
/* End PBXBuildFile section */

/* Begin PBXFileReference section */
		A94763CD26AEEBBC00EAF28D /* auph-ios.app */ = {isa = PBXFileReference; explicitFileType = wrapper.application; includeInIndex = 0; path = "auph-ios.app"; sourceTree = BUILT_PRODUCTS_DIR; };
		A94763D026AEEBBC00EAF28D /* AppDelegate.h */ = {isa = PBXFileReference; lastKnownFileType = sourcecode.c.h; path = AppDelegate.h; sourceTree = "<group>"; };
		A94763D126AEEBBC00EAF28D /* AppDelegate.mm */ = {isa = PBXFileReference; lastKnownFileType = sourcecode.cpp.objcpp; path = AppDelegate.mm; sourceTree = "<group>"; };
		A94763D626AEEBBC00EAF28D /* ViewController.h */ = {isa = PBXFileReference; lastKnownFileType = sourcecode.c.h; path = ViewController.h; sourceTree = "<group>"; };
		A94763D726AEEBBC00EAF28D /* ViewController.mm */ = {isa = PBXFileReference; lastKnownFileType = sourcecode.cpp.objcpp; path = ViewController.mm; sourceTree = "<group>"; };
		A94763DA26AEEBBC00EAF28D /* Base */ = {isa = PBXFileReference; lastKnownFileType = file.storyboard; name = Base; path = Base.lproj/Main.storyboard; sourceTree = "<group>"; };
		A94763DC26AEEBBF00EAF28D /* Assets.xcassets */ = {isa = PBXFileReference; lastKnownFileType = folder.assetcatalog; path = Assets.xcassets; sourceTree = "<group>"; };
		A94763DF26AEEBBF00EAF28D /* Base */ = {isa = PBXFileReference; lastKnownFileType = file.storyboard; name = Base; path = Base.lproj/LaunchScreen.storyboard; sourceTree = "<group>"; };
		A94763E126AEEBBF00EAF28D /* Info.plist */ = {isa = PBXFileReference; lastKnownFileType = text.plist.xml; path = Info.plist; sourceTree = "<group>"; };
		A94763E226AEEBBF00EAF28D /* main.m */ = {isa = PBXFileReference; lastKnownFileType = sourcecode.c.objc; path = main.m; sourceTree = "<group>"; };
		A94763F026AEED0100EAF28D /* AudioToolbox.framework */ = {isa = PBXFileReference; lastKnownFileType = wrapper.framework; name = AudioToolbox.framework; path = System/Library/Frameworks/AudioToolbox.framework; sourceTree = SDKROOT; };
		A980DCBF26BD8326009B871A /* CoreAudio.framework */ = {isa = PBXFileReference; lastKnownFileType = wrapper.framework; name = CoreAudio.framework; path = System/Library/Frameworks/CoreAudio.framework; sourceTree = SDKROOT; };
		A9C4B9FE26CE80610020F69D /* assets */ = {isa = PBXFileReference; lastKnownFileType = folder; name = assets; path = ../assets; sourceTree = "<group>"; };
		A9C4BA0526CE895F0020F69D /* assets */ = {isa = PBXFileReference; lastKnownFileType = folder; name = assets; path = ../assets; sourceTree = "<group>"; };
		A9EAE5A426B2B3EF001FF76C /* AVFoundation.framework */ = {isa = PBXFileReference; lastKnownFileType = wrapper.framework; name = AVFoundation.framework; path = System/Library/Frameworks/AVFoundation.framework; sourceTree = SDKROOT; };
/* End PBXFileReference section */

/* Begin PBXFrameworksBuildPhase section */
		A94763CA26AEEBBC00EAF28D /* Frameworks */ = {
			isa = PBXFrameworksBuildPhase;
			buildActionMask = 2147483647;
			files = (
				A9EAE5A826B2CEFE001FF76C /* AVFoundation.framework in Frameworks */,
				A94763F126AEED0100EAF28D /* AudioToolbox.framework in Frameworks */,
			);
			runOnlyForDeploymentPostprocessing = 0;
		};
/* End PBXFrameworksBuildPhase section */

/* Begin PBXGroup section */
		A94763C426AEEBBC00EAF28D = {
			isa = PBXGroup;
			children = (
				A9C4B9FE26CE80610020F69D /* assets */,
				A9C4BA0526CE895F0020F69D /* assets */,
				A94763CF26AEEBBC00EAF28D /* auph-ios */,
				A94763CE26AEEBBC00EAF28D /* Products */,
				A94763EF26AEED0100EAF28D /* Frameworks */,
			);
			sourceTree = "<group>";
		};
		A94763CE26AEEBBC00EAF28D /* Products */ = {
			isa = PBXGroup;
			children = (
				A94763CD26AEEBBC00EAF28D /* auph-ios.app */,
			);
			name = Products;
			sourceTree = "<group>";
		};
		A94763CF26AEEBBC00EAF28D /* auph-ios */ = {
			isa = PBXGroup;
			children = (
				A94763D026AEEBBC00EAF28D /* AppDelegate.h */,
				A94763D126AEEBBC00EAF28D /* AppDelegate.mm */,
				A94763D626AEEBBC00EAF28D /* ViewController.h */,
				A94763D726AEEBBC00EAF28D /* ViewController.mm */,
				A94763D926AEEBBC00EAF28D /* Main.storyboard */,
				A94763DC26AEEBBF00EAF28D /* Assets.xcassets */,
				A94763DE26AEEBBF00EAF28D /* LaunchScreen.storyboard */,
				A94763E126AEEBBF00EAF28D /* Info.plist */,
				A94763E226AEEBBF00EAF28D /* main.m */,
			);
			path = "auph-ios";
			sourceTree = "<group>";
		};
		A94763EF26AEED0100EAF28D /* Frameworks */ = {
			isa = PBXGroup;
			children = (
				A980DCBF26BD8326009B871A /* CoreAudio.framework */,
				A9EAE5A426B2B3EF001FF76C /* AVFoundation.framework */,
				A94763F026AEED0100EAF28D /* AudioToolbox.framework */,
			);
			name = Frameworks;
			sourceTree = "<group>";
		};
/* End PBXGroup section */

/* Begin PBXNativeTarget section */
		A94763CC26AEEBBC00EAF28D /* auph-ios */ = {
			isa = PBXNativeTarget;
			buildConfigurationList = A94763E626AEEBBF00EAF28D /* Build configuration list for PBXNativeTarget "auph-ios" */;
			buildPhases = (
				A94763C926AEEBBC00EAF28D /* Sources */,
				A94763CA26AEEBBC00EAF28D /* Frameworks */,
				A94763CB26AEEBBC00EAF28D /* Resources */,
			);
			buildRules = (
			);
			dependencies = (
			);
			name = "auph-ios";
			productName = "auph-ios";
			productReference = A94763CD26AEEBBC00EAF28D /* auph-ios.app */;
			productType = "com.apple.product-type.application";
		};
/* End PBXNativeTarget section */

/* Begin PBXProject section */
		A94763C526AEEBBC00EAF28D /* Project object */ = {
			isa = PBXProject;
			attributes = {
				LastUpgradeCheck = 1240;
				TargetAttributes = {
					A94763CC26AEEBBC00EAF28D = {
						CreatedOnToolsVersion = 12.4;
					};
				};
			};
			buildConfigurationList = A94763C826AEEBBC00EAF28D /* Build configuration list for PBXProject "auph-ios" */;
			compatibilityVersion = "Xcode 9.3";
			developmentRegion = en;
			hasScannedForEncodings = 0;
			knownRegions = (
				en,
				Base,
			);
			mainGroup = A94763C426AEEBBC00EAF28D;
			productRefGroup = A94763CE26AEEBBC00EAF28D /* Products */;
			projectDirPath = "";
			projectRoot = "";
			targets = (
				A94763CC26AEEBBC00EAF28D /* auph-ios */,
			);
		};
/* End PBXProject section */

/* Begin PBXResourcesBuildPhase section */
		A94763CB26AEEBBC00EAF28D /* Resources */ = {
			isa = PBXResourcesBuildPhase;
			buildActionMask = 2147483647;
			files = (
				A9C4B9FF26CE80610020F69D /* assets in Resources */,
				A94763E026AEEBBF00EAF28D /* LaunchScreen.storyboard in Resources */,
				A94763DD26AEEBBF00EAF28D /* Assets.xcassets in Resources */,
				A94763DB26AEEBBC00EAF28D /* Main.storyboard in Resources */,
			);
			runOnlyForDeploymentPostprocessing = 0;
		};
/* End PBXResourcesBuildPhase section */

/* Begin PBXSourcesBuildPhase section */
		A94763C926AEEBBC00EAF28D /* Sources */ = {
			isa = PBXSourcesBuildPhase;
			buildActionMask = 2147483647;
			files = (
				A94763D826AEEBBC00EAF28D /* ViewController.mm in Sources */,
				A94763D226AEEBBC00EAF28D /* AppDelegate.mm in Sources */,
				A94763E326AEEBBF00EAF28D /* main.m in Sources */,
			);
			runOnlyForDeploymentPostprocessing = 0;
		};
/* End PBXSourcesBuildPhase section */

/* Begin PBXVariantGroup section */
		A94763D926AEEBBC00EAF28D /* Main.storyboard */ = {
			isa = PBXVariantGroup;
			children = (
				A94763DA26AEEBBC00EAF28D /* Base */,
			);
			name = Main.storyboard;
			sourceTree = "<group>";
		};
		A94763DE26AEEBBF00EAF28D /* LaunchScreen.storyboard */ = {
			isa = PBXVariantGroup;
			children = (
				A94763DF26AEEBBF00EAF28D /* Base */,
			);
			name = LaunchScreen.storyboard;
			sourceTree = "<group>";
		};
/* End PBXVariantGroup section */

/* Begin XCBuildConfiguration section */
		A94763E426AEEBBF00EAF28D /* Debug */ = {
			isa = XCBuildConfiguration;
			buildSettings = {
				ALWAYS_SEARCH_USER_PATHS = NO;
				CLANG_ANALYZER_NONNULL = YES;
				CLANG_ANALYZER_NUMBER_OBJECT_CONVERSION = YES_AGGRESSIVE;
				CLANG_CXX_LANGUAGE_STANDARD = "gnu++14";
				CLANG_CXX_LIBRARY = "libc++";
				CLANG_ENABLE_MODULES = YES;
				CLANG_ENABLE_OBJC_ARC = YES;
				CLANG_ENABLE_OBJC_WEAK = YES;
				CLANG_WARN_BLOCK_CAPTURE_AUTORELEASING = YES;
				CLANG_WARN_BOOL_CONVERSION = YES;
				CLANG_WARN_COMMA = YES;
				CLANG_WARN_CONSTANT_CONVERSION = YES;
				CLANG_WARN_DEPRECATED_OBJC_IMPLEMENTATIONS = YES;
				CLANG_WARN_DIRECT_OBJC_ISA_USAGE = YES_ERROR;
				CLANG_WARN_DOCUMENTATION_COMMENTS = YES;
				CLANG_WARN_EMPTY_BODY = YES;
				CLANG_WARN_ENUM_CONVERSION = YES;
				CLANG_WARN_INFINITE_RECURSION = YES;
				CLANG_WARN_INT_CONVERSION = YES;
				CLANG_WARN_NON_LITERAL_NULL_CONVERSION = YES;
				CLANG_WARN_OBJC_IMPLICIT_RETAIN_SELF = YES;
				CLANG_WARN_OBJC_LITERAL_CONVERSION = YES;
				CLANG_WARN_OBJC_ROOT_CLASS = YES_ERROR;
				CLANG_WARN_QUOTED_INCLUDE_IN_FRAMEWORK_HEADER = YES;
				CLANG_WARN_RANGE_LOOP_ANALYSIS = YES;
				CLANG_WARN_STRICT_PROTOTYPES = YES;
				CLANG_WARN_SUSPICIOUS_MOVE = YES;
				CLANG_WARN_UNGUARDED_AVAILABILITY = YES_AGGRESSIVE;
				CLANG_WARN_UNREACHABLE_CODE = YES;
				CLANG_WARN__DUPLICATE_METHOD_MATCH = YES;
				COPY_PHASE_STRIP = NO;
				DEBUG_INFORMATION_FORMAT = dwarf;
				ENABLE_STRICT_OBJC_MSGSEND = YES;
				ENABLE_TESTABILITY = YES;
				GCC_C_LANGUAGE_STANDARD = gnu11;
				GCC_DYNAMIC_NO_PIC = NO;
				GCC_NO_COMMON_BLOCKS = YES;
				GCC_OPTIMIZATION_LEVEL = 0;
				GCC_PREPROCESSOR_DEFINITIONS = (
					"DEBUG=1",
					"$(inherited)",
				);
				GCC_WARN_64_TO_32_BIT_CONVERSION = YES;
				GCC_WARN_ABOUT_RETURN_TYPE = YES_ERROR;
				GCC_WARN_UNDECLARED_SELECTOR = YES;
				GCC_WARN_UNINITIALIZED_AUTOS = YES_AGGRESSIVE;
				GCC_WARN_UNUSED_FUNCTION = YES;
				GCC_WARN_UNUSED_VARIABLE = YES;
				IPHONEOS_DEPLOYMENT_TARGET = 14.4;
				MTL_ENABLE_DEBUG_INFO = INCLUDE_SOURCE;
				MTL_FAST_MATH = YES;
				ONLY_ACTIVE_ARCH = YES;
				SDKROOT = iphoneos;
			};
			name = Debug;
		};
		A94763E526AEEBBF00EAF28D /* Release */ = {
			isa = XCBuildConfiguration;
			buildSettings = {
				ALWAYS_SEARCH_USER_PATHS = NO;
				CLANG_ANALYZER_NONNULL = YES;
				CLANG_ANALYZER_NUMBER_OBJECT_CONVERSION = YES_AGGRESSIVE;
				CLANG_CXX_LANGUAGE_STANDARD = "gnu++14";
				CLANG_CXX_LIBRARY = "libc++";
				CLANG_ENABLE_MODULES = YES;
				CLANG_ENABLE_OBJC_ARC = YES;
				CLANG_ENABLE_OBJC_WEAK = YES;
				CLANG_WARN_BLOCK_CAPTURE_AUTORELEASING = YES;
				CLANG_WARN_BOOL_CONVERSION = YES;
				CLANG_WARN_COMMA = YES;
				CLANG_WARN_CONSTANT_CONVERSION = YES;
				CLANG_WARN_DEPRECATED_OBJC_IMPLEMENTATIONS = YES;
				CLANG_WARN_DIRECT_OBJC_ISA_USAGE = YES_ERROR;
				CLANG_WARN_DOCUMENTATION_COMMENTS = YES;
				CLANG_WARN_EMPTY_BODY = YES;
				CLANG_WARN_ENUM_CONVERSION = YES;
				CLANG_WARN_INFINITE_RECURSION = YES;
				CLANG_WARN_INT_CONVERSION = YES;
				CLANG_WARN_NON_LITERAL_NULL_CONVERSION = YES;
				CLANG_WARN_OBJC_IMPLICIT_RETAIN_SELF = YES;
				CLANG_WARN_OBJC_LITERAL_CONVERSION = YES;
				CLANG_WARN_OBJC_ROOT_CLASS = YES_ERROR;
				CLANG_WARN_QUOTED_INCLUDE_IN_FRAMEWORK_HEADER = YES;
				CLANG_WARN_RANGE_LOOP_ANALYSIS = YES;
				CLANG_WARN_STRICT_PROTOTYPES = YES;
				CLANG_WARN_SUSPICIOUS_MOVE = YES;
				CLANG_WARN_UNGUARDED_AVAILABILITY = YES_AGGRESSIVE;
				CLANG_WARN_UNREACHABLE_CODE = YES;
				CLANG_WARN__DUPLICATE_METHOD_MATCH = YES;
				COPY_PHASE_STRIP = NO;
				DEBUG_INFORMATION_FORMAT = "dwarf-with-dsym";
				ENABLE_NS_ASSERTIONS = NO;
				ENABLE_STRICT_OBJC_MSGSEND = YES;
				GCC_C_LANGUAGE_STANDARD = gnu11;
				GCC_NO_COMMON_BLOCKS = YES;
				GCC_WARN_64_TO_32_BIT_CONVERSION = YES;
				GCC_WARN_ABOUT_RETURN_TYPE = YES_ERROR;
				GCC_WARN_UNDECLARED_SELECTOR = YES;
				GCC_WARN_UNINITIALIZED_AUTOS = YES_AGGRESSIVE;
				GCC_WARN_UNUSED_FUNCTION = YES;
				GCC_WARN_UNUSED_VARIABLE = YES;
				IPHONEOS_DEPLOYMENT_TARGET = 14.4;
				MTL_ENABLE_DEBUG_INFO = NO;
				MTL_FAST_MATH = YES;
				SDKROOT = iphoneos;
				VALIDATE_PRODUCT = YES;
			};
			name = Release;
		};
		A94763E726AEEBBF00EAF28D /* Debug */ = {
			isa = XCBuildConfiguration;
			buildSettings = {
				ASSETCATALOG_COMPILER_APPICON_NAME = AppIcon;
				ASSETCATALOG_COMPILER_GLOBAL_ACCENT_COLOR_NAME = AccentColor;
				CODE_SIGN_STYLE = Automatic;
				DEVELOPMENT_TEAM = 696L2V4X5J;
				HEADER_SEARCH_PATHS = (
					../../include,
					"../../node_modules/@ekx/dr-libs/include",
					"../../node_modules/@ekx/stb/include",
				);
				INFOPLIST_FILE = "auph-ios/Info.plist";
				LD_RUNPATH_SEARCH_PATHS = (
					"$(inherited)",
					"@executable_path/Frameworks",
				);
				PRODUCT_BUNDLE_IDENTIFIER = "com.eliasku.auph-ios";
				PRODUCT_NAME = "$(TARGET_NAME)";
				TARGETED_DEVICE_FAMILY = "1,2";
			};
			name = Debug;
		};
		A94763E826AEEBBF00EAF28D /* Release */ = {
			isa = XCBuildConfiguration;
			buildSettings = {
				ASSETCATALOG_COMPILER_APPICON_NAME = AppIcon;
				ASSETCATALOG_COMPILER_GLOBAL_ACCENT_COLOR_NAME = AccentColor;
				CODE_SIGN_STYLE = Automatic;
				DEVELOPMENT_TEAM = 696L2V4X5J;
				HEADER_SEARCH_PATHS = (
					../../include,
					"../../node_modules/@ekx/dr-libs/include",
					"../../node_modules/@ekx/stb/include",
				);
				INFOPLIST_FILE = "auph-ios/Info.plist";
				LD_RUNPATH_SEARCH_PATHS = (
					"$(inherited)",
					"@executable_path/Frameworks",
				);
				PRODUCT_BUNDLE_IDENTIFIER = "com.eliasku.auph-ios";
				PRODUCT_NAME = "$(TARGET_NAME)";
				TARGETED_DEVICE_FAMILY = "1,2";
			};
			name = Release;
		};
/* End XCBuildConfiguration section */

/* Begin XCConfigurationList section */
		A94763C826AEEBBC00EAF28D /* Build configuration list for PBXProject "auph-ios" */ = {
			isa = XCConfigurationList;
			buildConfigurations = (
				A94763E426AEEBBF00EAF28D /* Debug */,
				A94763E526AEEBBF00EAF28D /* Release */,
			);
			defaultConfigurationIsVisible = 0;
			defaultConfigurationName = Release;
		};
		A94763E626AEEBBF00EAF28D /* Build configuration list for PBXNativeTarget "auph-ios" */ = {
			isa = XCConfigurationList;
			buildConfigurations = (
				A94763E726AEEBBF00EAF28D /* Debug */,
				A94763E826AEEBBF00EAF28D /* Release */,
			);
			defaultConfigurationIsVisible = 0;
			defaultConfigurationName = Release;
		};
/* End XCConfigurationList section */
	};
	rootObject = A94763C526AEEBBC00EAF28D /* Project object */;
}
